dependencies:
- name: hlf-ca
  repository: file://../hlf-ca
  version: 2.0.1
- name: hlf-ord
  repository: file://../hlf-ord
  version: 3.0.1
- name: hlf-peer
  repository: file://../hlf-peer
  version: 5.0.0
- name: hlf-couchdb
  repository: file://../hlf-couchdb
  version: 2.0.1
digest: sha256:ac7a88599a47eea2d3242014397a1ff5a3e689b0b7c4635a330bf6e4e6101816
generated: "2023-06-21T16:44:10.264704699Z"
